
Microsoft Visual Studio Solution File, Format Version 12.00
# Visual Studio Version 17
VisualStudioVersion = 17.8.34330.188
MinimumVisualStudioVersion = 10.0.40219.1
Project("{FAE04EC0-301F-11D3-BF4B-00C04F79EFBC}") = "testing commit2", "testing commit2\testing commit2.csproj", "{661FB346-88F0-4B17-A180-30730866339D}"
EndProject
Global
	GlobalSection(SolutionConfigurationPlatforms) = preSolution
		Debug|Any CPU = Debug|Any CPU
		Release|Any CPU = Release|Any CPU
	EndGlobalSection
	GlobalSection(ProjectConfigurationPlatforms) = postSolution
		{661FB346-88F0-4B17-A180-30730866339D}.Debug|Any CPU.ActiveCfg = Debug|Any CPU
		{661FB346-88F0-4B17-A180-30730866339D}.Debug|Any CPU.Build.0 = Debug|Any CPU
		{661FB346-88F0-4B17-A180-30730866339D}.Release|Any CPU.ActiveCfg = Release|Any CPU
		{661FB346-88F0-4B17-A180-30730866339D}.Release|Any CPU.Build.0 = Release|Any CPU
	EndGlobalSection
	GlobalSection(SolutionProperties) = preSolution
		HideSolutionNode = FALSE
	EndGlobalSection
	GlobalSection(ExtensibilityGlobals) = postSolution
		SolutionGuid = {BCAB5EA6-A7B4-4965-9498-30175FE79695}
	EndGlobalSection
EndGlobal
